// !$*UTF8*$!
{
	archiveVersion = 1;
	classes = {
	};
	objectVersion = 56;
	objects = {

/* Begin PBXBuildFile section */
		08C69E392B10AB070025B59D /* DefaultTextField.swift in Sources */ = {isa = PBXBuildFile; fileRef = 08C69E382B10AB070025B59D /* DefaultTextField.swift */; };
		08C69E3F2B10AD6A0025B59D /* Typography.swift in Sources */ = {isa = PBXBuildFile; fileRef = 08C69E3E2B10AD6A0025B59D /* Typography.swift */; };
		08D62FE32B0F29D100090F3C /* AppDelegate.swift in Sources */ = {isa = PBXBuildFile; fileRef = 08D62FE22B0F29D100090F3C /* AppDelegate.swift */; };
		08D62FE52B0F29D100090F3C /* SceneDelegate.swift in Sources */ = {isa = PBXBuildFile; fileRef = 08D62FE42B0F29D100090F3C /* SceneDelegate.swift */; };
		08D62FEC2B0F29D200090F3C /* Assets.xcassets in Resources */ = {isa = PBXBuildFile; fileRef = 08D62FEB2B0F29D200090F3C /* Assets.xcassets */; };
		08D62FEF2B0F29D200090F3C /* LaunchScreen.storyboard in Resources */ = {isa = PBXBuildFile; fileRef = 08D62FED2B0F29D200090F3C /* LaunchScreen.storyboard */; };
		08D62FF82B0F2A3700090F3C /* SnapKit in Frameworks */ = {isa = PBXBuildFile; productRef = 08D62FF72B0F2A3700090F3C /* SnapKit */; };
		08D62FFD2B0F2B5E00090F3C /* FirebaseAnalytics in Frameworks */ = {isa = PBXBuildFile; productRef = 08D62FFC2B0F2B5E00090F3C /* FirebaseAnalytics */; };
		08D62FFF2B0F2B5E00090F3C /* FirebaseAnalyticsOnDeviceConversion in Frameworks */ = {isa = PBXBuildFile; productRef = 08D62FFE2B0F2B5E00090F3C /* FirebaseAnalyticsOnDeviceConversion */; };
		08D630012B0F2B5E00090F3C /* FirebaseAnalyticsSwift in Frameworks */ = {isa = PBXBuildFile; productRef = 08D630002B0F2B5E00090F3C /* FirebaseAnalyticsSwift */; };
		08D630032B0F2B5E00090F3C /* FirebaseAnalyticsWithoutAdIdSupport in Frameworks */ = {isa = PBXBuildFile; productRef = 08D630022B0F2B5E00090F3C /* FirebaseAnalyticsWithoutAdIdSupport */; };
		08D630052B0F2B5E00090F3C /* FirebaseAppCheck in Frameworks */ = {isa = PBXBuildFile; productRef = 08D630042B0F2B5E00090F3C /* FirebaseAppCheck */; };
		08D630072B0F2B5E00090F3C /* FirebaseAppDistribution-Beta in Frameworks */ = {isa = PBXBuildFile; productRef = 08D630062B0F2B5E00090F3C /* FirebaseAppDistribution-Beta */; };
		08D630092B0F2B5E00090F3C /* FirebaseAuth in Frameworks */ = {isa = PBXBuildFile; productRef = 08D630082B0F2B5E00090F3C /* FirebaseAuth */; };
		08D6300B2B0F2B5E00090F3C /* FirebaseAuthCombine-Community in Frameworks */ = {isa = PBXBuildFile; productRef = 08D6300A2B0F2B5E00090F3C /* FirebaseAuthCombine-Community */; };
		08D6300D2B0F2B5E00090F3C /* FirebaseCrashlytics in Frameworks */ = {isa = PBXBuildFile; productRef = 08D6300C2B0F2B5E00090F3C /* FirebaseCrashlytics */; };
		08D6300F2B0F2B5E00090F3C /* FirebaseDatabase in Frameworks */ = {isa = PBXBuildFile; productRef = 08D6300E2B0F2B5E00090F3C /* FirebaseDatabase */; };
		08D630112B0F2B5E00090F3C /* FirebaseDatabaseSwift in Frameworks */ = {isa = PBXBuildFile; productRef = 08D630102B0F2B5E00090F3C /* FirebaseDatabaseSwift */; };
		08D630132B0F2B5E00090F3C /* FirebaseDynamicLinks in Frameworks */ = {isa = PBXBuildFile; productRef = 08D630122B0F2B5E00090F3C /* FirebaseDynamicLinks */; };
		08D630152B0F2B5E00090F3C /* FirebaseFirestore in Frameworks */ = {isa = PBXBuildFile; productRef = 08D630142B0F2B5E00090F3C /* FirebaseFirestore */; };
		08D630172B0F2B5E00090F3C /* FirebaseFirestoreCombine-Community in Frameworks */ = {isa = PBXBuildFile; productRef = 08D630162B0F2B5E00090F3C /* FirebaseFirestoreCombine-Community */; };
		08D630192B0F2B5E00090F3C /* FirebaseFirestoreSwift in Frameworks */ = {isa = PBXBuildFile; productRef = 08D630182B0F2B5E00090F3C /* FirebaseFirestoreSwift */; };
		08D6301B2B0F2B5E00090F3C /* FirebaseFunctions in Frameworks */ = {isa = PBXBuildFile; productRef = 08D6301A2B0F2B5E00090F3C /* FirebaseFunctions */; };
		08D6301D2B0F2B5E00090F3C /* FirebaseFunctionsCombine-Community in Frameworks */ = {isa = PBXBuildFile; productRef = 08D6301C2B0F2B5E00090F3C /* FirebaseFunctionsCombine-Community */; };
		08D6301F2B0F2B5E00090F3C /* FirebaseInAppMessaging-Beta in Frameworks */ = {isa = PBXBuildFile; productRef = 08D6301E2B0F2B5E00090F3C /* FirebaseInAppMessaging-Beta */; };
		08D630212B0F2B5E00090F3C /* FirebaseInAppMessagingSwift-Beta in Frameworks */ = {isa = PBXBuildFile; productRef = 08D630202B0F2B5E00090F3C /* FirebaseInAppMessagingSwift-Beta */; };
		08D630232B0F2B5E00090F3C /* FirebaseInstallations in Frameworks */ = {isa = PBXBuildFile; productRef = 08D630222B0F2B5E00090F3C /* FirebaseInstallations */; };
		08D630252B0F2B5E00090F3C /* FirebaseMLModelDownloader in Frameworks */ = {isa = PBXBuildFile; productRef = 08D630242B0F2B5E00090F3C /* FirebaseMLModelDownloader */; };
		08D630272B0F2B5E00090F3C /* FirebaseMessaging in Frameworks */ = {isa = PBXBuildFile; productRef = 08D630262B0F2B5E00090F3C /* FirebaseMessaging */; };
		08D630292B0F2B5E00090F3C /* FirebasePerformance in Frameworks */ = {isa = PBXBuildFile; productRef = 08D630282B0F2B5E00090F3C /* FirebasePerformance */; };
		08D6302B2B0F2B5E00090F3C /* FirebaseRemoteConfig in Frameworks */ = {isa = PBXBuildFile; productRef = 08D6302A2B0F2B5E00090F3C /* FirebaseRemoteConfig */; };
		08D6302D2B0F2B5E00090F3C /* FirebaseRemoteConfigSwift in Frameworks */ = {isa = PBXBuildFile; productRef = 08D6302C2B0F2B5E00090F3C /* FirebaseRemoteConfigSwift */; };
		08D6302F2B0F2B5E00090F3C /* FirebaseStorage in Frameworks */ = {isa = PBXBuildFile; productRef = 08D6302E2B0F2B5E00090F3C /* FirebaseStorage */; };
		08D630312B0F2B5E00090F3C /* FirebaseStorageCombine-Community in Frameworks */ = {isa = PBXBuildFile; productRef = 08D630302B0F2B5E00090F3C /* FirebaseStorageCombine-Community */; };
		08D6303B2B0F300600090F3C /* Observable.swift in Sources */ = {isa = PBXBuildFile; fileRef = 08D6303A2B0F300600090F3C /* Observable.swift */; };
		08D630402B0F7B1700090F3C /* UIColorExtension.swift in Sources */ = {isa = PBXBuildFile; fileRef = 08D6303F2B0F7B1700090F3C /* UIColorExtension.swift */; };
		08D630422B0F7B7B00090F3C /* Constant.swift in Sources */ = {isa = PBXBuildFile; fileRef = 08D630412B0F7B7B00090F3C /* Constant.swift */; };
		08D630462B0F7CC500090F3C /* FirebaseManager.swift in Sources */ = {isa = PBXBuildFile; fileRef = 08D630452B0F7CC500090F3C /* FirebaseManager.swift */; };
		08D630482B0F7CE700090F3C /* SignInViewController.swift in Sources */ = {isa = PBXBuildFile; fileRef = 08D630472B0F7CE700090F3C /* SignInViewController.swift */; };
		08D6304A2B0F7DF300090F3C /* BasicController.swift in Sources */ = {isa = PBXBuildFile; fileRef = 08D630492B0F7DF300090F3C /* BasicController.swift */; };
		08D6304E2B0F872D00090F3C /* SignInView.swift in Sources */ = {isa = PBXBuildFile; fileRef = 08D6304D2B0F872D00090F3C /* SignInView.swift */; };
		08D630502B0F873500090F3C /* SignInViewModel.swift in Sources */ = {isa = PBXBuildFile; fileRef = 08D6304F2B0F873500090F3C /* SignInViewModel.swift */; };
/* End PBXBuildFile section */

/* Begin PBXFileReference section */
		08C69E382B10AB070025B59D /* DefaultTextField.swift */ = {isa = PBXFileReference; lastKnownFileType = sourcecode.swift; path = DefaultTextField.swift; sourceTree = "<group>"; };
		08C69E3E2B10AD6A0025B59D /* Typography.swift */ = {isa = PBXFileReference; lastKnownFileType = sourcecode.swift; path = Typography.swift; sourceTree = "<group>"; };
		08D62FDF2B0F29D100090F3C /* Dogsear.app */ = {isa = PBXFileReference; explicitFileType = wrapper.application; includeInIndex = 0; path = Dogsear.app; sourceTree = BUILT_PRODUCTS_DIR; };
		08D62FE22B0F29D100090F3C /* AppDelegate.swift */ = {isa = PBXFileReference; lastKnownFileType = sourcecode.swift; path = AppDelegate.swift; sourceTree = "<group>"; };
		08D62FE42B0F29D100090F3C /* SceneDelegate.swift */ = {isa = PBXFileReference; lastKnownFileType = sourcecode.swift; path = SceneDelegate.swift; sourceTree = "<group>"; };
		08D62FEB2B0F29D200090F3C /* Assets.xcassets */ = {isa = PBXFileReference; lastKnownFileType = folder.assetcatalog; path = Assets.xcassets; sourceTree = "<group>"; };
		08D62FEE2B0F29D200090F3C /* Base */ = {isa = PBXFileReference; lastKnownFileType = file.storyboard; name = Base; path = Base.lproj/LaunchScreen.storyboard; sourceTree = "<group>"; };
		08D62FF02B0F29D200090F3C /* Info.plist */ = {isa = PBXFileReference; lastKnownFileType = text.plist.xml; path = Info.plist; sourceTree = "<group>"; };
		08D6303A2B0F300600090F3C /* Observable.swift */ = {isa = PBXFileReference; lastKnownFileType = sourcecode.swift; path = Observable.swift; sourceTree = "<group>"; };
		08D6303F2B0F7B1700090F3C /* UIColorExtension.swift */ = {isa = PBXFileReference; lastKnownFileType = sourcecode.swift; path = UIColorExtension.swift; sourceTree = "<group>"; };
		08D630412B0F7B7B00090F3C /* Constant.swift */ = {isa = PBXFileReference; lastKnownFileType = sourcecode.swift; path = Constant.swift; sourceTree = "<group>"; };
		08D630452B0F7CC500090F3C /* FirebaseManager.swift */ = {isa = PBXFileReference; lastKnownFileType = sourcecode.swift; path = FirebaseManager.swift; sourceTree = "<group>"; };
		08D630472B0F7CE700090F3C /* SignInViewController.swift */ = {isa = PBXFileReference; lastKnownFileType = sourcecode.swift; path = SignInViewController.swift; sourceTree = "<group>"; };
		08D630492B0F7DF300090F3C /* BasicController.swift */ = {isa = PBXFileReference; lastKnownFileType = sourcecode.swift; path = BasicController.swift; sourceTree = "<group>"; };
		08D6304D2B0F872D00090F3C /* SignInView.swift */ = {isa = PBXFileReference; lastKnownFileType = sourcecode.swift; path = SignInView.swift; sourceTree = "<group>"; };
		08D6304F2B0F873500090F3C /* SignInViewModel.swift */ = {isa = PBXFileReference; lastKnownFileType = sourcecode.swift; path = SignInViewModel.swift; sourceTree = "<group>"; };
/* End PBXFileReference section */

/* Begin PBXFrameworksBuildPhase section */
		08D62FDC2B0F29D100090F3C /* Frameworks */ = {
			isa = PBXFrameworksBuildPhase;
			buildActionMask = 2147483647;
			files = (
				08D6301B2B0F2B5E00090F3C /* FirebaseFunctions in Frameworks */,
				08D630112B0F2B5E00090F3C /* FirebaseDatabaseSwift in Frameworks */,
				08D630212B0F2B5E00090F3C /* FirebaseInAppMessagingSwift-Beta in Frameworks */,
				08D630272B0F2B5E00090F3C /* FirebaseMessaging in Frameworks */,
				08D630072B0F2B5E00090F3C /* FirebaseAppDistribution-Beta in Frameworks */,
				08D6300B2B0F2B5E00090F3C /* FirebaseAuthCombine-Community in Frameworks */,
				08D630172B0F2B5E00090F3C /* FirebaseFirestoreCombine-Community in Frameworks */,
				08D630012B0F2B5E00090F3C /* FirebaseAnalyticsSwift in Frameworks */,
				08D630252B0F2B5E00090F3C /* FirebaseMLModelDownloader in Frameworks */,
				08D630032B0F2B5E00090F3C /* FirebaseAnalyticsWithoutAdIdSupport in Frameworks */,
				08D62FFD2B0F2B5E00090F3C /* FirebaseAnalytics in Frameworks */,
				08D630192B0F2B5E00090F3C /* FirebaseFirestoreSwift in Frameworks */,
				08D62FFF2B0F2B5E00090F3C /* FirebaseAnalyticsOnDeviceConversion in Frameworks */,
				08D630052B0F2B5E00090F3C /* FirebaseAppCheck in Frameworks */,
				08D630292B0F2B5E00090F3C /* FirebasePerformance in Frameworks */,
				08D6301F2B0F2B5E00090F3C /* FirebaseInAppMessaging-Beta in Frameworks */,
				08D6301D2B0F2B5E00090F3C /* FirebaseFunctionsCombine-Community in Frameworks */,
				08D6300D2B0F2B5E00090F3C /* FirebaseCrashlytics in Frameworks */,
				08D630232B0F2B5E00090F3C /* FirebaseInstallations in Frameworks */,
				08D6302B2B0F2B5E00090F3C /* FirebaseRemoteConfig in Frameworks */,
				08D6302F2B0F2B5E00090F3C /* FirebaseStorage in Frameworks */,
				08D6300F2B0F2B5E00090F3C /* FirebaseDatabase in Frameworks */,
				08D630312B0F2B5E00090F3C /* FirebaseStorageCombine-Community in Frameworks */,
				08D62FF82B0F2A3700090F3C /* SnapKit in Frameworks */,
				08D630092B0F2B5E00090F3C /* FirebaseAuth in Frameworks */,
				08D630132B0F2B5E00090F3C /* FirebaseDynamicLinks in Frameworks */,
				08D630152B0F2B5E00090F3C /* FirebaseFirestore in Frameworks */,
				08D6302D2B0F2B5E00090F3C /* FirebaseRemoteConfigSwift in Frameworks */,
			);
			runOnlyForDeploymentPostprocessing = 0;
		};
/* End PBXFrameworksBuildPhase section */

/* Begin PBXGroup section */
		08D62FD62B0F29D100090F3C = {
			isa = PBXGroup;
			children = (
				08D62FE12B0F29D100090F3C /* Dogsear */,
				08D62FE02B0F29D100090F3C /* Products */,
			);
			sourceTree = "<group>";
		};
		08D62FE02B0F29D100090F3C /* Products */ = {
			isa = PBXGroup;
			children = (
				08D62FDF2B0F29D100090F3C /* Dogsear.app */,
			);
			name = Products;
			sourceTree = "<group>";
		};
		08D62FE12B0F29D100090F3C /* Dogsear */ = {
			isa = PBXGroup;
			children = (
				08D630362B0F2F0400090F3C /* Resource */,
				08D630442B0F7C8600090F3C /* Managers */,
				08D6303E2B0F7AF800090F3C /* Extension */,
				08D630392B0F2FDB00090F3C /* Helper */,
				08D630432B0F7C2200090F3C /* SharedViews */,
				08D6303C2B0F7AA700090F3C /* Scenes */,
			);
			path = Dogsear;
			sourceTree = "<group>";
		};
		08D630362B0F2F0400090F3C /* Resource */ = {
			isa = PBXGroup;
			children = (
				08D62FE22B0F29D100090F3C /* AppDelegate.swift */,
				08D62FE42B0F29D100090F3C /* SceneDelegate.swift */,
				08D62FEB2B0F29D200090F3C /* Assets.xcassets */,
				08D62FF02B0F29D200090F3C /* Info.plist */,
			);
			path = Resource;
			sourceTree = "<group>";
		};
		08D630392B0F2FDB00090F3C /* Helper */ = {
			isa = PBXGroup;
			children = (
				08D6303A2B0F300600090F3C /* Observable.swift */,
				08D630412B0F7B7B00090F3C /* Constant.swift */,
				08D630492B0F7DF300090F3C /* BasicController.swift */,
				08C69E3E2B10AD6A0025B59D /* Typography.swift */,
			);
			path = Helper;
			sourceTree = "<group>";
		};
		08D6303C2B0F7AA700090F3C /* Scenes */ = {
			isa = PBXGroup;
			children = (
				08D6303D2B0F7AC700090F3C /* SignInScene */,
			);
			path = Scenes;
			sourceTree = "<group>";
		};
		08D6303D2B0F7AC700090F3C /* SignInScene */ = {
			isa = PBXGroup;
			children = (
				08D630472B0F7CE700090F3C /* SignInViewController.swift */,
				08D6304D2B0F872D00090F3C /* SignInView.swift */,
				08D6304F2B0F873500090F3C /* SignInViewModel.swift */,
			);
			path = SignInScene;
			sourceTree = "<group>";
		};
		08D6303E2B0F7AF800090F3C /* Extension */ = {
			isa = PBXGroup;
			children = (
				08D6303F2B0F7B1700090F3C /* UIColorExtension.swift */,
			);
			path = Extension;
			sourceTree = "<group>";
		};
		08D630432B0F7C2200090F3C /* SharedViews */ = {
			isa = PBXGroup;
			children = (
				08D62FED2B0F29D200090F3C /* LaunchScreen.storyboard */,
				08C69E382B10AB070025B59D /* DefaultTextField.swift */,
			);
			path = SharedViews;
			sourceTree = "<group>";
		};
		08D630442B0F7C8600090F3C /* Managers */ = {
			isa = PBXGroup;
			children = (
				08D630452B0F7CC500090F3C /* FirebaseManager.swift */,
			);
			path = Managers;
			sourceTree = "<group>";
		};
/* End PBXGroup section */

/* Begin PBXNativeTarget section */
		08D62FDE2B0F29D100090F3C /* Dogsear */ = {
			isa = PBXNativeTarget;
			buildConfigurationList = 08D62FF32B0F29D200090F3C /* Build configuration list for PBXNativeTarget "Dogsear" */;
			buildPhases = (
				08D62FDB2B0F29D100090F3C /* Sources */,
				08D62FDC2B0F29D100090F3C /* Frameworks */,
				08D62FDD2B0F29D100090F3C /* Resources */,
			);
			buildRules = (
			);
			dependencies = (
			);
			name = Dogsear;
			packageProductDependencies = (
				08D62FF72B0F2A3700090F3C /* SnapKit */,
				08D62FFC2B0F2B5E00090F3C /* FirebaseAnalytics */,
				08D62FFE2B0F2B5E00090F3C /* FirebaseAnalyticsOnDeviceConversion */,
				08D630002B0F2B5E00090F3C /* FirebaseAnalyticsSwift */,
				08D630022B0F2B5E00090F3C /* FirebaseAnalyticsWithoutAdIdSupport */,
				08D630042B0F2B5E00090F3C /* FirebaseAppCheck */,
				08D630062B0F2B5E00090F3C /* FirebaseAppDistribution-Beta */,
				08D630082B0F2B5E00090F3C /* FirebaseAuth */,
				08D6300A2B0F2B5E00090F3C /* FirebaseAuthCombine-Community */,
				08D6300C2B0F2B5E00090F3C /* FirebaseCrashlytics */,
				08D6300E2B0F2B5E00090F3C /* FirebaseDatabase */,
				08D630102B0F2B5E00090F3C /* FirebaseDatabaseSwift */,
				08D630122B0F2B5E00090F3C /* FirebaseDynamicLinks */,
				08D630142B0F2B5E00090F3C /* FirebaseFirestore */,
				08D630162B0F2B5E00090F3C /* FirebaseFirestoreCombine-Community */,
				08D630182B0F2B5E00090F3C /* FirebaseFirestoreSwift */,
				08D6301A2B0F2B5E00090F3C /* FirebaseFunctions */,
				08D6301C2B0F2B5E00090F3C /* FirebaseFunctionsCombine-Community */,
				08D6301E2B0F2B5E00090F3C /* FirebaseInAppMessaging-Beta */,
				08D630202B0F2B5E00090F3C /* FirebaseInAppMessagingSwift-Beta */,
				08D630222B0F2B5E00090F3C /* FirebaseInstallations */,
				08D630242B0F2B5E00090F3C /* FirebaseMLModelDownloader */,
				08D630262B0F2B5E00090F3C /* FirebaseMessaging */,
				08D630282B0F2B5E00090F3C /* FirebasePerformance */,
				08D6302A2B0F2B5E00090F3C /* FirebaseRemoteConfig */,
				08D6302C2B0F2B5E00090F3C /* FirebaseRemoteConfigSwift */,
				08D6302E2B0F2B5E00090F3C /* FirebaseStorage */,
				08D630302B0F2B5E00090F3C /* FirebaseStorageCombine-Community */,
			);
			productName = Dogsear;
			productReference = 08D62FDF2B0F29D100090F3C /* Dogsear.app */;
			productType = "com.apple.product-type.application";
		};
/* End PBXNativeTarget section */

/* Begin PBXProject section */
		08D62FD72B0F29D100090F3C /* Project object */ = {
			isa = PBXProject;
			attributes = {
				BuildIndependentTargetsInParallel = 1;
				LastSwiftUpdateCheck = 1500;
				LastUpgradeCheck = 1500;
				TargetAttributes = {
					08D62FDE2B0F29D100090F3C = {
						CreatedOnToolsVersion = 15.0;
					};
				};
			};
			buildConfigurationList = 08D62FDA2B0F29D100090F3C /* Build configuration list for PBXProject "Dogsear" */;
			compatibilityVersion = "Xcode 14.0";
			developmentRegion = en;
			hasScannedForEncodings = 0;
			knownRegions = (
				en,
				Base,
			);
			mainGroup = 08D62FD62B0F29D100090F3C;
			packageReferences = (
				08D62FF62B0F2A3700090F3C /* XCRemoteSwiftPackageReference "SnapKit" */,
				08D62FFB2B0F2B5E00090F3C /* XCRemoteSwiftPackageReference "firebase-ios-sdk" */,
			);
			productRefGroup = 08D62FE02B0F29D100090F3C /* Products */;
			projectDirPath = "";
			projectRoot = "";
			targets = (
				08D62FDE2B0F29D100090F3C /* Dogsear */,
			);
		};
/* End PBXProject section */

/* Begin PBXResourcesBuildPhase section */
		08D62FDD2B0F29D100090F3C /* Resources */ = {
			isa = PBXResourcesBuildPhase;
			buildActionMask = 2147483647;
			files = (
				08D62FEF2B0F29D200090F3C /* LaunchScreen.storyboard in Resources */,
				08D62FEC2B0F29D200090F3C /* Assets.xcassets in Resources */,
			);
			runOnlyForDeploymentPostprocessing = 0;
		};
/* End PBXResourcesBuildPhase section */

/* Begin PBXSourcesBuildPhase section */
		08D62FDB2B0F29D100090F3C /* Sources */ = {
			isa = PBXSourcesBuildPhase;
			buildActionMask = 2147483647;
			files = (
				08D6304E2B0F872D00090F3C /* SignInView.swift in Sources */,
				08D630482B0F7CE700090F3C /* SignInViewController.swift in Sources */,
				08D630462B0F7CC500090F3C /* FirebaseManager.swift in Sources */,
				08D6303B2B0F300600090F3C /* Observable.swift in Sources */,
				08C69E392B10AB070025B59D /* DefaultTextField.swift in Sources */,
				08D630402B0F7B1700090F3C /* UIColorExtension.swift in Sources */,
				08D630502B0F873500090F3C /* SignInViewModel.swift in Sources */,
				08D62FE32B0F29D100090F3C /* AppDelegate.swift in Sources */,
				08D62FE52B0F29D100090F3C /* SceneDelegate.swift in Sources */,
				08D6304A2B0F7DF300090F3C /* BasicController.swift in Sources */,
				08C69E3F2B10AD6A0025B59D /* Typography.swift in Sources */,
				08D630422B0F7B7B00090F3C /* Constant.swift in Sources */,
			);
			runOnlyForDeploymentPostprocessing = 0;
		};
/* End PBXSourcesBuildPhase section */

/* Begin PBXVariantGroup section */
		08D62FED2B0F29D200090F3C /* LaunchScreen.storyboard */ = {
			isa = PBXVariantGroup;
			children = (
				08D62FEE2B0F29D200090F3C /* Base */,
			);
			name = LaunchScreen.storyboard;
			sourceTree = "<group>";
		};
/* End PBXVariantGroup section */

/* Begin XCBuildConfiguration section */
		08D62FF12B0F29D200090F3C /* Debug */ = {
			isa = XCBuildConfiguration;
			buildSettings = {
				ALWAYS_SEARCH_USER_PATHS = NO;
				ASSETCATALOG_COMPILER_GENERATE_SWIFT_ASSET_SYMBOL_EXTENSIONS = YES;
				CLANG_ANALYZER_NONNULL = YES;
				CLANG_ANALYZER_NUMBER_OBJECT_CONVERSION = YES_AGGRESSIVE;
				CLANG_CXX_LANGUAGE_STANDARD = "gnu++20";
				CLANG_ENABLE_MODULES = YES;
				CLANG_ENABLE_OBJC_ARC = YES;
				CLANG_ENABLE_OBJC_WEAK = YES;
				CLANG_WARN_BLOCK_CAPTURE_AUTORELEASING = YES;
				CLANG_WARN_BOOL_CONVERSION = YES;
				CLANG_WARN_COMMA = YES;
				CLANG_WARN_CONSTANT_CONVERSION = YES;
				CLANG_WARN_DEPRECATED_OBJC_IMPLEMENTATIONS = YES;
				CLANG_WARN_DIRECT_OBJC_ISA_USAGE = YES_ERROR;
				CLANG_WARN_DOCUMENTATION_COMMENTS = YES;
				CLANG_WARN_EMPTY_BODY = YES;
				CLANG_WARN_ENUM_CONVERSION = YES;
				CLANG_WARN_INFINITE_RECURSION = YES;
				CLANG_WARN_INT_CONVERSION = YES;
				CLANG_WARN_NON_LITERAL_NULL_CONVERSION = YES;
				CLANG_WARN_OBJC_IMPLICIT_RETAIN_SELF = YES;
				CLANG_WARN_OBJC_LITERAL_CONVERSION = YES;
				CLANG_WARN_OBJC_ROOT_CLASS = YES_ERROR;
				CLANG_WARN_QUOTED_INCLUDE_IN_FRAMEWORK_HEADER = YES;
				CLANG_WARN_RANGE_LOOP_ANALYSIS = YES;
				CLANG_WARN_STRICT_PROTOTYPES = YES;
				CLANG_WARN_SUSPICIOUS_MOVE = YES;
				CLANG_WARN_UNGUARDED_AVAILABILITY = YES_AGGRESSIVE;
				CLANG_WARN_UNREACHABLE_CODE = YES;
				CLANG_WARN__DUPLICATE_METHOD_MATCH = YES;
				COPY_PHASE_STRIP = NO;
				DEBUG_INFORMATION_FORMAT = dwarf;
				ENABLE_STRICT_OBJC_MSGSEND = YES;
				ENABLE_TESTABILITY = YES;
				ENABLE_USER_SCRIPT_SANDBOXING = YES;
				GCC_C_LANGUAGE_STANDARD = gnu17;
				GCC_DYNAMIC_NO_PIC = NO;
				GCC_NO_COMMON_BLOCKS = YES;
				GCC_OPTIMIZATION_LEVEL = 0;
				GCC_PREPROCESSOR_DEFINITIONS = (
					"DEBUG=1",
					"$(inherited)",
				);
				GCC_WARN_64_TO_32_BIT_CONVERSION = YES;
				GCC_WARN_ABOUT_RETURN_TYPE = YES_ERROR;
				GCC_WARN_UNDECLARED_SELECTOR = YES;
				GCC_WARN_UNINITIALIZED_AUTOS = YES_AGGRESSIVE;
				GCC_WARN_UNUSED_FUNCTION = YES;
				GCC_WARN_UNUSED_VARIABLE = YES;
				IPHONEOS_DEPLOYMENT_TARGET = 17.0;
				LOCALIZATION_PREFERS_STRING_CATALOGS = YES;
				MTL_ENABLE_DEBUG_INFO = INCLUDE_SOURCE;
				MTL_FAST_MATH = YES;
				ONLY_ACTIVE_ARCH = YES;
				SDKROOT = iphoneos;
				SWIFT_ACTIVE_COMPILATION_CONDITIONS = "DEBUG $(inherited)";
				SWIFT_OPTIMIZATION_LEVEL = "-Onone";
			};
			name = Debug;
		};
		08D62FF22B0F29D200090F3C /* Release */ = {
			isa = XCBuildConfiguration;
			buildSettings = {
				ALWAYS_SEARCH_USER_PATHS = NO;
				ASSETCATALOG_COMPILER_GENERATE_SWIFT_ASSET_SYMBOL_EXTENSIONS = YES;
				CLANG_ANALYZER_NONNULL = YES;
				CLANG_ANALYZER_NUMBER_OBJECT_CONVERSION = YES_AGGRESSIVE;
				CLANG_CXX_LANGUAGE_STANDARD = "gnu++20";
				CLANG_ENABLE_MODULES = YES;
				CLANG_ENABLE_OBJC_ARC = YES;
				CLANG_ENABLE_OBJC_WEAK = YES;
				CLANG_WARN_BLOCK_CAPTURE_AUTORELEASING = YES;
				CLANG_WARN_BOOL_CONVERSION = YES;
				CLANG_WARN_COMMA = YES;
				CLANG_WARN_CONSTANT_CONVERSION = YES;
				CLANG_WARN_DEPRECATED_OBJC_IMPLEMENTATIONS = YES;
				CLANG_WARN_DIRECT_OBJC_ISA_USAGE = YES_ERROR;
				CLANG_WARN_DOCUMENTATION_COMMENTS = YES;
				CLANG_WARN_EMPTY_BODY = YES;
				CLANG_WARN_ENUM_CONVERSION = YES;
				CLANG_WARN_INFINITE_RECURSION = YES;
				CLANG_WARN_INT_CONVERSION = YES;
				CLANG_WARN_NON_LITERAL_NULL_CONVERSION = YES;
				CLANG_WARN_OBJC_IMPLICIT_RETAIN_SELF = YES;
				CLANG_WARN_OBJC_LITERAL_CONVERSION = YES;
				CLANG_WARN_OBJC_ROOT_CLASS = YES_ERROR;
				CLANG_WARN_QUOTED_INCLUDE_IN_FRAMEWORK_HEADER = YES;
				CLANG_WARN_RANGE_LOOP_ANALYSIS = YES;
				CLANG_WARN_STRICT_PROTOTYPES = YES;
				CLANG_WARN_SUSPICIOUS_MOVE = YES;
				CLANG_WARN_UNGUARDED_AVAILABILITY = YES_AGGRESSIVE;
				CLANG_WARN_UNREACHABLE_CODE = YES;
				CLANG_WARN__DUPLICATE_METHOD_MATCH = YES;
				COPY_PHASE_STRIP = NO;
				DEBUG_INFORMATION_FORMAT = "dwarf-with-dsym";
				ENABLE_NS_ASSERTIONS = NO;
				ENABLE_STRICT_OBJC_MSGSEND = YES;
				ENABLE_USER_SCRIPT_SANDBOXING = YES;
				GCC_C_LANGUAGE_STANDARD = gnu17;
				GCC_NO_COMMON_BLOCKS = YES;
				GCC_WARN_64_TO_32_BIT_CONVERSION = YES;
				GCC_WARN_ABOUT_RETURN_TYPE = YES_ERROR;
				GCC_WARN_UNDECLARED_SELECTOR = YES;
				GCC_WARN_UNINITIALIZED_AUTOS = YES_AGGRESSIVE;
				GCC_WARN_UNUSED_FUNCTION = YES;
				GCC_WARN_UNUSED_VARIABLE = YES;
				IPHONEOS_DEPLOYMENT_TARGET = 17.0;
				LOCALIZATION_PREFERS_STRING_CATALOGS = YES;
				MTL_ENABLE_DEBUG_INFO = NO;
				MTL_FAST_MATH = YES;
				SDKROOT = iphoneos;
				SWIFT_COMPILATION_MODE = wholemodule;
				VALIDATE_PRODUCT = YES;
			};
			name = Release;
		};
		08D62FF42B0F29D200090F3C /* Debug */ = {
			isa = XCBuildConfiguration;
			buildSettings = {
				ASSETCATALOG_COMPILER_APPICON_NAME = AppIcon;
				ASSETCATALOG_COMPILER_GLOBAL_ACCENT_COLOR_NAME = AccentColor;
				CODE_SIGN_STYLE = Automatic;
				CURRENT_PROJECT_VERSION = 1;
				DEVELOPMENT_TEAM = W5QTRMS954;
				GENERATE_INFOPLIST_FILE = YES;
				INFOPLIST_FILE = Dogsear/Resource/Info.plist;
				INFOPLIST_KEY_UIApplicationSupportsIndirectInputEvents = YES;
				INFOPLIST_KEY_UILaunchStoryboardName = LaunchScreen;
				INFOPLIST_KEY_UISupportedInterfaceOrientations_iPad = "UIInterfaceOrientationPortrait UIInterfaceOrientationPortraitUpsideDown UIInterfaceOrientationLandscapeLeft UIInterfaceOrientationLandscapeRight";
				INFOPLIST_KEY_UISupportedInterfaceOrientations_iPhone = "UIInterfaceOrientationPortrait UIInterfaceOrientationLandscapeLeft UIInterfaceOrientationLandscapeRight";
				IPHONEOS_DEPLOYMENT_TARGET = 15.0;
				LD_RUNPATH_SEARCH_PATHS = (
					"$(inherited)",
					"@executable_path/Frameworks",
				);
				MARKETING_VERSION = 1.0;
				PRODUCT_BUNDLE_IDENTIFIER = com.donggle.Dogsear;
				PRODUCT_NAME = "$(TARGET_NAME)";
				SUPPORTED_PLATFORMS = "iphoneos iphonesimulator";
				SUPPORTS_MACCATALYST = NO;
				SUPPORTS_MAC_DESIGNED_FOR_IPHONE_IPAD = NO;
				SWIFT_EMIT_LOC_STRINGS = YES;
				SWIFT_VERSION = 5.0;
				TARGETED_DEVICE_FAMILY = 1;
			};
			name = Debug;
		};
		08D62FF52B0F29D200090F3C /* Release */ = {
			isa = XCBuildConfiguration;
			buildSettings = {
				ASSETCATALOG_COMPILER_APPICON_NAME = AppIcon;
				ASSETCATALOG_COMPILER_GLOBAL_ACCENT_COLOR_NAME = AccentColor;
				CODE_SIGN_STYLE = Automatic;
				CURRENT_PROJECT_VERSION = 1;
				DEVELOPMENT_TEAM = W5QTRMS954;
				GENERATE_INFOPLIST_FILE = YES;
				INFOPLIST_FILE = Dogsear/Resource/Info.plist;
				INFOPLIST_KEY_UIApplicationSupportsIndirectInputEvents = YES;
				INFOPLIST_KEY_UILaunchStoryboardName = LaunchScreen;
				INFOPLIST_KEY_UISupportedInterfaceOrientations_iPad = "UIInterfaceOrientationPortrait UIInterfaceOrientationPortraitUpsideDown UIInterfaceOrientationLandscapeLeft UIInterfaceOrientationLandscapeRight";
				INFOPLIST_KEY_UISupportedInterfaceOrientations_iPhone = "UIInterfaceOrientationPortrait UIInterfaceOrientationLandscapeLeft UIInterfaceOrientationLandscapeRight";
				IPHONEOS_DEPLOYMENT_TARGET = 15.0;
				LD_RUNPATH_SEARCH_PATHS = (
					"$(inherited)",
					"@executable_path/Frameworks",
				);
				MARKETING_VERSION = 1.0;
				PRODUCT_BUNDLE_IDENTIFIER = com.donggle.Dogsear;
				PRODUCT_NAME = "$(TARGET_NAME)";
				SUPPORTED_PLATFORMS = "iphoneos iphonesimulator";
				SUPPORTS_MACCATALYST = NO;
				SUPPORTS_MAC_DESIGNED_FOR_IPHONE_IPAD = NO;
				SWIFT_EMIT_LOC_STRINGS = YES;
				SWIFT_VERSION = 5.0;
				TARGETED_DEVICE_FAMILY = 1;
			};
			name = Release;
		};
/* End XCBuildConfiguration section */

/* Begin XCConfigurationList section */
		08D62FDA2B0F29D100090F3C /* Build configuration list for PBXProject "Dogsear" */ = {
			isa = XCConfigurationList;
			buildConfigurations = (
				08D62FF12B0F29D200090F3C /* Debug */,
				08D62FF22B0F29D200090F3C /* Release */,
			);
			defaultConfigurationIsVisible = 0;
			defaultConfigurationName = Release;
		};
		08D62FF32B0F29D200090F3C /* Build configuration list for PBXNativeTarget "Dogsear" */ = {
			isa = XCConfigurationList;
			buildConfigurations = (
				08D62FF42B0F29D200090F3C /* Debug */,
				08D62FF52B0F29D200090F3C /* Release */,
			);
			defaultConfigurationIsVisible = 0;
			defaultConfigurationName = Release;
		};
/* End XCConfigurationList section */

/* Begin XCRemoteSwiftPackageReference section */
		08D62FF62B0F2A3700090F3C /* XCRemoteSwiftPackageReference "SnapKit" */ = {
			isa = XCRemoteSwiftPackageReference;
			repositoryURL = "https://github.com/SnapKit/SnapKit.git";
			requirement = {
				kind = upToNextMajorVersion;
				minimumVersion = 5.6.0;
			};
		};
		08D62FFB2B0F2B5E00090F3C /* XCRemoteSwiftPackageReference "firebase-ios-sdk" */ = {
			isa = XCRemoteSwiftPackageReference;
			repositoryURL = "https://github.com/firebase/firebase-ios-sdk.git";
			requirement = {
				kind = upToNextMajorVersion;
				minimumVersion = 10.18.0;
			};
		};
/* End XCRemoteSwiftPackageReference section */

/* Begin XCSwiftPackageProductDependency section */
		08D62FF72B0F2A3700090F3C /* SnapKit */ = {
			isa = XCSwiftPackageProductDependency;
			package = 08D62FF62B0F2A3700090F3C /* XCRemoteSwiftPackageReference "SnapKit" */;
			productName = SnapKit;
		};
		08D62FFC2B0F2B5E00090F3C /* FirebaseAnalytics */ = {
			isa = XCSwiftPackageProductDependency;
			package = 08D62FFB2B0F2B5E00090F3C /* XCRemoteSwiftPackageReference "firebase-ios-sdk" */;
			productName = FirebaseAnalytics;
		};
		08D62FFE2B0F2B5E00090F3C /* FirebaseAnalyticsOnDeviceConversion */ = {
			isa = XCSwiftPackageProductDependency;
			package = 08D62FFB2B0F2B5E00090F3C /* XCRemoteSwiftPackageReference "firebase-ios-sdk" */;
			productName = FirebaseAnalyticsOnDeviceConversion;
		};
		08D630002B0F2B5E00090F3C /* FirebaseAnalyticsSwift */ = {
			isa = XCSwiftPackageProductDependency;
			package = 08D62FFB2B0F2B5E00090F3C /* XCRemoteSwiftPackageReference "firebase-ios-sdk" */;
			productName = FirebaseAnalyticsSwift;
		};
		08D630022B0F2B5E00090F3C /* FirebaseAnalyticsWithoutAdIdSupport */ = {
			isa = XCSwiftPackageProductDependency;
			package = 08D62FFB2B0F2B5E00090F3C /* XCRemoteSwiftPackageReference "firebase-ios-sdk" */;
			productName = FirebaseAnalyticsWithoutAdIdSupport;
		};
		08D630042B0F2B5E00090F3C /* FirebaseAppCheck */ = {
			isa = XCSwiftPackageProductDependency;
			package = 08D62FFB2B0F2B5E00090F3C /* XCRemoteSwiftPackageReference "firebase-ios-sdk" */;
			productName = FirebaseAppCheck;
		};
		08D630062B0F2B5E00090F3C /* FirebaseAppDistribution-Beta */ = {
			isa = XCSwiftPackageProductDependency;
			package = 08D62FFB2B0F2B5E00090F3C /* XCRemoteSwiftPackageReference "firebase-ios-sdk" */;
			productName = "FirebaseAppDistribution-Beta";
		};
		08D630082B0F2B5E00090F3C /* FirebaseAuth */ = {
			isa = XCSwiftPackageProductDependency;
			package = 08D62FFB2B0F2B5E00090F3C /* XCRemoteSwiftPackageReference "firebase-ios-sdk" */;
			productName = FirebaseAuth;
		};
		08D6300A2B0F2B5E00090F3C /* FirebaseAuthCombine-Community */ = {
			isa = XCSwiftPackageProductDependency;
			package = 08D62FFB2B0F2B5E00090F3C /* XCRemoteSwiftPackageReference "firebase-ios-sdk" */;
			productName = "FirebaseAuthCombine-Community";
		};
		08D6300C2B0F2B5E00090F3C /* FirebaseCrashlytics */ = {
			isa = XCSwiftPackageProductDependency;
			package = 08D62FFB2B0F2B5E00090F3C /* XCRemoteSwiftPackageReference "firebase-ios-sdk" */;
			productName = FirebaseCrashlytics;
		};
		08D6300E2B0F2B5E00090F3C /* FirebaseDatabase */ = {
			isa = XCSwiftPackageProductDependency;
			package = 08D62FFB2B0F2B5E00090F3C /* XCRemoteSwiftPackageReference "firebase-ios-sdk" */;
			productName = FirebaseDatabase;
		};
		08D630102B0F2B5E00090F3C /* FirebaseDatabaseSwift */ = {
			isa = XCSwiftPackageProductDependency;
			package = 08D62FFB2B0F2B5E00090F3C /* XCRemoteSwiftPackageReference "firebase-ios-sdk" */;
			productName = FirebaseDatabaseSwift;
		};
		08D630122B0F2B5E00090F3C /* FirebaseDynamicLinks */ = {
			isa = XCSwiftPackageProductDependency;
			package = 08D62FFB2B0F2B5E00090F3C /* XCRemoteSwiftPackageReference "firebase-ios-sdk" */;
			productName = FirebaseDynamicLinks;
		};
		08D630142B0F2B5E00090F3C /* FirebaseFirestore */ = {
			isa = XCSwiftPackageProductDependency;
			package = 08D62FFB2B0F2B5E00090F3C /* XCRemoteSwiftPackageReference "firebase-ios-sdk" */;
			productName = FirebaseFirestore;
		};
		08D630162B0F2B5E00090F3C /* FirebaseFirestoreCombine-Community */ = {
			isa = XCSwiftPackageProductDependency;
			package = 08D62FFB2B0F2B5E00090F3C /* XCRemoteSwiftPackageReference "firebase-ios-sdk" */;
			productName = "FirebaseFirestoreCombine-Community";
		};
		08D630182B0F2B5E00090F3C /* FirebaseFirestoreSwift */ = {
			isa = XCSwiftPackageProductDependency;
			package = 08D62FFB2B0F2B5E00090F3C /* XCRemoteSwiftPackageReference "firebase-ios-sdk" */;
			productName = FirebaseFirestoreSwift;
		};
		08D6301A2B0F2B5E00090F3C /* FirebaseFunctions */ = {
			isa = XCSwiftPackageProductDependency;
			package = 08D62FFB2B0F2B5E00090F3C /* XCRemoteSwiftPackageReference "firebase-ios-sdk" */;
			productName = FirebaseFunctions;
		};
		08D6301C2B0F2B5E00090F3C /* FirebaseFunctionsCombine-Community */ = {
			isa = XCSwiftPackageProductDependency;
			package = 08D62FFB2B0F2B5E00090F3C /* XCRemoteSwiftPackageReference "firebase-ios-sdk" */;
			productName = "FirebaseFunctionsCombine-Community";
		};
		08D6301E2B0F2B5E00090F3C /* FirebaseInAppMessaging-Beta */ = {
			isa = XCSwiftPackageProductDependency;
			package = 08D62FFB2B0F2B5E00090F3C /* XCRemoteSwiftPackageReference "firebase-ios-sdk" */;
			productName = "FirebaseInAppMessaging-Beta";
		};
		08D630202B0F2B5E00090F3C /* FirebaseInAppMessagingSwift-Beta */ = {
			isa = XCSwiftPackageProductDependency;
			package = 08D62FFB2B0F2B5E00090F3C /* XCRemoteSwiftPackageReference "firebase-ios-sdk" */;
			productName = "FirebaseInAppMessagingSwift-Beta";
		};
		08D630222B0F2B5E00090F3C /* FirebaseInstallations */ = {
			isa = XCSwiftPackageProductDependency;
			package = 08D62FFB2B0F2B5E00090F3C /* XCRemoteSwiftPackageReference "firebase-ios-sdk" */;
			productName = FirebaseInstallations;
		};
		08D630242B0F2B5E00090F3C /* FirebaseMLModelDownloader */ = {
			isa = XCSwiftPackageProductDependency;
			package = 08D62FFB2B0F2B5E00090F3C /* XCRemoteSwiftPackageReference "firebase-ios-sdk" */;
			productName = FirebaseMLModelDownloader;
		};
		08D630262B0F2B5E00090F3C /* FirebaseMessaging */ = {
			isa = XCSwiftPackageProductDependency;
			package = 08D62FFB2B0F2B5E00090F3C /* XCRemoteSwiftPackageReference "firebase-ios-sdk" */;
			productName = FirebaseMessaging;
		};
		08D630282B0F2B5E00090F3C /* FirebasePerformance */ = {
			isa = XCSwiftPackageProductDependency;
			package = 08D62FFB2B0F2B5E00090F3C /* XCRemoteSwiftPackageReference "firebase-ios-sdk" */;
			productName = FirebasePerformance;
		};
		08D6302A2B0F2B5E00090F3C /* FirebaseRemoteConfig */ = {
			isa = XCSwiftPackageProductDependency;
			package = 08D62FFB2B0F2B5E00090F3C /* XCRemoteSwiftPackageReference "firebase-ios-sdk" */;
			productName = FirebaseRemoteConfig;
		};
		08D6302C2B0F2B5E00090F3C /* FirebaseRemoteConfigSwift */ = {
			isa = XCSwiftPackageProductDependency;
			package = 08D62FFB2B0F2B5E00090F3C /* XCRemoteSwiftPackageReference "firebase-ios-sdk" */;
			productName = FirebaseRemoteConfigSwift;
		};
		08D6302E2B0F2B5E00090F3C /* FirebaseStorage */ = {
			isa = XCSwiftPackageProductDependency;
			package = 08D62FFB2B0F2B5E00090F3C /* XCRemoteSwiftPackageReference "firebase-ios-sdk" */;
			productName = FirebaseStorage;
		};
		08D630302B0F2B5E00090F3C /* FirebaseStorageCombine-Community */ = {
			isa = XCSwiftPackageProductDependency;
			package = 08D62FFB2B0F2B5E00090F3C /* XCRemoteSwiftPackageReference "firebase-ios-sdk" */;
			productName = "FirebaseStorageCombine-Community";
		};
/* End XCSwiftPackageProductDependency section */
	};
	rootObject = 08D62FD72B0F29D100090F3C /* Project object */;
}
